
Microsoft Visual Studio Solution File, Format Version 12.00
# Visual Studio Version 16
VisualStudioVersion = 16.0.29920.165
MinimumVisualStudioVersion = 10.0.40219.1
Project("{FAE04EC0-301F-11D3-BF4B-00C04F79EFBC}") = "Firewatch", "Firewatch.csproj", "{7D52DCE7-2A41-4A7C-9D86-DAC26468652E}"
EndProject
Global
	GlobalSection(SolutionConfigurationPlatforms) = preSolution
		Debug|Any CPU = Debug|Any CPU
		Release|Any CPU = Release|Any CPU
	EndGlobalSection
	GlobalSection(ProjectConfigurationPlatforms) = postSolution
		{7D52DCE7-2A41-4A7C-9D86-DAC26468652E}.Debug|Any CPU.ActiveCfg = Debug|Any CPU
		{7D52DCE7-2A41-4A7C-9D86-DAC26468652E}.Debug|Any CPU.Build.0 = Debug|Any CPU
		{7D52DCE7-2A41-4A7C-9D86-DAC26468652E}.Release|Any CPU.ActiveCfg = Release|Any CPU
		{7D52DCE7-2A41-4A7C-9D86-DAC26468652E}.Release|Any CPU.Build.0 = Release|Any CPU
	EndGlobalSection
	GlobalSection(SolutionProperties) = preSolution
		HideSolutionNode = FALSE
	EndGlobalSection
	GlobalSection(ExtensibilityGlobals) = postSolution
		SolutionGuid = {111419ED-DCA8-4A86-B81F-324B6821CB77}
	EndGlobalSection
EndGlobal
